
Microsoft Visual Studio Solution File, Format Version 12.00
# Visual Studio Version 17
VisualStudioVersion = 17.14.36915.13 d17.14
MinimumVisualStudioVersion = 10.0.40219.1
Project("{8BC9CEB8-8B4A-11D0-8D11-00A0C91BC942}") = "TryAgainHook", "TryAgainHook.vcxproj", "{8BA96A8C-0406-4491-A2C4-20D3E98E4ED4}"
EndProject
Global
	GlobalSection(SolutionConfigurationPlatforms) = preSolution
		Debug|x64 = Debug|x64
		Debug|x86 = Debug|x86
		Release|x64 = Release|x64
		Release|x86 = Release|x86
	EndGlobalSection
	GlobalSection(ProjectConfigurationPlatforms) = postSolution
		{8BA96A8C-0406-4491-A2C4-20D3E98E4ED4}.Debug|x64.ActiveCfg = Debug|x64
		{8BA96A8C-0406-4491-A2C4-20D3E98E4ED4}.Debug|x64.Build.0 = Debug|x64
		{8BA96A8C-0406-4491-A2C4-20D3E98E4ED4}.Debug|x86.ActiveCfg = Debug|Win32
		{8BA96A8C-0406-4491-A2C4-20D3E98E4ED4}.Debug|x86.Build.0 = Debug|Win32
		{8BA96A8C-0406-4491-A2C4-20D3E98E4ED4}.Release|x64.ActiveCfg = Release|x64
		{8BA96A8C-0406-4491-A2C4-20D3E98E4ED4}.Release|x64.Build.0 = Release|x64
		{8BA96A8C-0406-4491-A2C4-20D3E98E4ED4}.Release|x86.ActiveCfg = Release|Win32
		{8BA96A8C-0406-4491-A2C4-20D3E98E4ED4}.Release|x86.Build.0 = Release|Win32
	EndGlobalSection
	GlobalSection(SolutionProperties) = preSolution
		HideSolutionNode = FALSE
	EndGlobalSection
	GlobalSection(ExtensibilityGlobals) = postSolution
		SolutionGuid = {8D04E49D-E449-433E-AF8C-B4C9E5140CEA}
	EndGlobalSection
EndGlobal
